// !$*UTF8*$!
{
	archiveVersion = 1;
	classes = {
	};
	objectVersion = 51;
	objects = {

/* Begin PBXBuildFile section */
		43123186269D051700FDE9B3 /* AppDelegate.swift in Sources */ = {isa = PBXBuildFile; fileRef = 43123185269D051700FDE9B3 /* AppDelegate.swift */; };
		43123188269D051700FDE9B3 /* SceneDelegate.swift in Sources */ = {isa = PBXBuildFile; fileRef = 43123187269D051700FDE9B3 /* SceneDelegate.swift */; };
		4312318D269D051700FDE9B3 /* Main.storyboard in Resources */ = {isa = PBXBuildFile; fileRef = 4312318B269D051700FDE9B3 /* Main.storyboard */; };
		4312318F269D051800FDE9B3 /* Assets.xcassets in Resources */ = {isa = PBXBuildFile; fileRef = 4312318E269D051800FDE9B3 /* Assets.xcassets */; };
		43123192269D051800FDE9B3 /* LaunchScreen.storyboard in Resources */ = {isa = PBXBuildFile; fileRef = 43123190269D051800FDE9B3 /* LaunchScreen.storyboard */; };
		4312319F269D05DC00FDE9B3 /* allNotesViewController.swift in Sources */ = {isa = PBXBuildFile; fileRef = 4312319E269D05DC00FDE9B3 /* allNotesViewController.swift */; };
		431231A1269D05F700FDE9B3 /* addNoteViewController.swift in Sources */ = {isa = PBXBuildFile; fileRef = 431231A0269D05F700FDE9B3 /* addNoteViewController.swift */; };
		431231A3269D062C00FDE9B3 /* editNoteViewController.swift in Sources */ = {isa = PBXBuildFile; fileRef = 431231A2269D062C00FDE9B3 /* editNoteViewController.swift */; };
		431231A5269D08AF00FDE9B3 /* noteTableViewCell.swift in Sources */ = {isa = PBXBuildFile; fileRef = 431231A4269D08AF00FDE9B3 /* noteTableViewCell.swift */; };
		431231A7269D0C5100FDE9B3 /* Constants.swift in Sources */ = {isa = PBXBuildFile; fileRef = 431231A6269D0C5100FDE9B3 /* Constants.swift */; };
		431231A9269D13A200FDE9B3 /* noteCellDelegate.swift in Sources */ = {isa = PBXBuildFile; fileRef = 431231A8269D13A200FDE9B3 /* noteCellDelegate.swift */; };
		93DFE9794DE7A8B1DE5D0554 /* Pods_SharedNote.framework in Frameworks */ = {isa = PBXBuildFile; fileRef = 9F296118C7DA306534C2FD21 /* Pods_SharedNote.framework */; };
/* End PBXBuildFile section */

/* Begin PBXFileReference section */
		43123182269D051700FDE9B3 /* SharedNote.app */ = {isa = PBXFileReference; explicitFileType = wrapper.application; includeInIndex = 0; path = SharedNote.app; sourceTree = BUILT_PRODUCTS_DIR; };
		43123185269D051700FDE9B3 /* AppDelegate.swift */ = {isa = PBXFileReference; lastKnownFileType = sourcecode.swift; path = AppDelegate.swift; sourceTree = "<group>"; };
		43123187269D051700FDE9B3 /* SceneDelegate.swift */ = {isa = PBXFileReference; lastKnownFileType = sourcecode.swift; path = SceneDelegate.swift; sourceTree = "<group>"; };
		4312318C269D051700FDE9B3 /* Base */ = {isa = PBXFileReference; lastKnownFileType = file.storyboard; name = Base; path = Base.lproj/Main.storyboard; sourceTree = "<group>"; };
		4312318E269D051800FDE9B3 /* Assets.xcassets */ = {isa = PBXFileReference; lastKnownFileType = folder.assetcatalog; path = Assets.xcassets; sourceTree = "<group>"; };
		43123191269D051800FDE9B3 /* Base */ = {isa = PBXFileReference; lastKnownFileType = file.storyboard; name = Base; path = Base.lproj/LaunchScreen.storyboard; sourceTree = "<group>"; };
		43123193269D051800FDE9B3 /* Info.plist */ = {isa = PBXFileReference; lastKnownFileType = text.plist.xml; path = Info.plist; sourceTree = "<group>"; };
		4312319E269D05DC00FDE9B3 /* allNotesViewController.swift */ = {isa = PBXFileReference; lastKnownFileType = sourcecode.swift; path = allNotesViewController.swift; sourceTree = "<group>"; };
		431231A0269D05F700FDE9B3 /* addNoteViewController.swift */ = {isa = PBXFileReference; lastKnownFileType = sourcecode.swift; path = addNoteViewController.swift; sourceTree = "<group>"; };
		431231A2269D062C00FDE9B3 /* editNoteViewController.swift */ = {isa = PBXFileReference; lastKnownFileType = sourcecode.swift; path = editNoteViewController.swift; sourceTree = "<group>"; };
		431231A4269D08AF00FDE9B3 /* noteTableViewCell.swift */ = {isa = PBXFileReference; lastKnownFileType = sourcecode.swift; path = noteTableViewCell.swift; sourceTree = "<group>"; };
		431231A6269D0C5100FDE9B3 /* Constants.swift */ = {isa = PBXFileReference; lastKnownFileType = sourcecode.swift; path = Constants.swift; sourceTree = "<group>"; };
		431231A8269D13A200FDE9B3 /* noteCellDelegate.swift */ = {isa = PBXFileReference; lastKnownFileType = sourcecode.swift; path = noteCellDelegate.swift; sourceTree = "<group>"; };
		68A0AEA835412D771B368951 /* Pods-SharedNote.release.xcconfig */ = {isa = PBXFileReference; includeInIndex = 1; lastKnownFileType = text.xcconfig; name = "Pods-SharedNote.release.xcconfig"; path = "Target Support Files/Pods-SharedNote/Pods-SharedNote.release.xcconfig"; sourceTree = "<group>"; };
		8381E540B033E08C4461F1A3 /* Pods-SharedNote.debug.xcconfig */ = {isa = PBXFileReference; includeInIndex = 1; lastKnownFileType = text.xcconfig; name = "Pods-SharedNote.debug.xcconfig"; path = "Target Support Files/Pods-SharedNote/Pods-SharedNote.debug.xcconfig"; sourceTree = "<group>"; };
		9F296118C7DA306534C2FD21 /* Pods_SharedNote.framework */ = {isa = PBXFileReference; explicitFileType = wrapper.framework; includeInIndex = 0; path = Pods_SharedNote.framework; sourceTree = BUILT_PRODUCTS_DIR; };
/* End PBXFileReference section */

/* Begin PBXFrameworksBuildPhase section */
		4312317F269D051700FDE9B3 /* Frameworks */ = {
			isa = PBXFrameworksBuildPhase;
			buildActionMask = 2147483647;
			files = (
				93DFE9794DE7A8B1DE5D0554 /* Pods_SharedNote.framework in Frameworks */,
			);
			runOnlyForDeploymentPostprocessing = 0;
		};
/* End PBXFrameworksBuildPhase section */

/* Begin PBXGroup section */
		26E70B6D9C069934E32D8397 /* Frameworks */ = {
			isa = PBXGroup;
			children = (
				9F296118C7DA306534C2FD21 /* Pods_SharedNote.framework */,
			);
			name = Frameworks;
			sourceTree = "<group>";
		};
		43123179269D051700FDE9B3 = {
			isa = PBXGroup;
			children = (
				43123184269D051700FDE9B3 /* SharedNote */,
				43123183269D051700FDE9B3 /* Products */,
				7CC4940352581A73BB931723 /* Pods */,
				26E70B6D9C069934E32D8397 /* Frameworks */,
			);
			sourceTree = "<group>";
		};
		43123183269D051700FDE9B3 /* Products */ = {
			isa = PBXGroup;
			children = (
				43123182269D051700FDE9B3 /* SharedNote.app */,
			);
			name = Products;
			sourceTree = "<group>";
		};
		43123184269D051700FDE9B3 /* SharedNote */ = {
			isa = PBXGroup;
			children = (
				4312319D269D058800FDE9B3 /* contracts */,
				4312319C269D056D00FDE9B3 /* utils */,
				4312319A269D053900FDE9B3 /* model */,
				4312319B269D055100FDE9B3 /* view */,
				43123199269D053200FDE9B3 /* viewModel */,
				43123185269D051700FDE9B3 /* AppDelegate.swift */,
				43123187269D051700FDE9B3 /* SceneDelegate.swift */,
				4312318B269D051700FDE9B3 /* Main.storyboard */,
				4312318E269D051800FDE9B3 /* Assets.xcassets */,
				43123190269D051800FDE9B3 /* LaunchScreen.storyboard */,
				43123193269D051800FDE9B3 /* Info.plist */,
			);
			path = SharedNote;
			sourceTree = "<group>";
		};
		43123199269D053200FDE9B3 /* viewModel */ = {
			isa = PBXGroup;
			children = (
			);
			path = viewModel;
			sourceTree = "<group>";
		};
		4312319A269D053900FDE9B3 /* model */ = {
			isa = PBXGroup;
			children = (
			);
			path = model;
			sourceTree = "<group>";
		};
		4312319B269D055100FDE9B3 /* view */ = {
			isa = PBXGroup;
			children = (
				4312319E269D05DC00FDE9B3 /* allNotesViewController.swift */,
				431231A0269D05F700FDE9B3 /* addNoteViewController.swift */,
				431231A2269D062C00FDE9B3 /* editNoteViewController.swift */,
				431231A4269D08AF00FDE9B3 /* noteTableViewCell.swift */,
			);
			path = view;
			sourceTree = "<group>";
		};
		4312319C269D056D00FDE9B3 /* utils */ = {
			isa = PBXGroup;
			children = (
				431231A6269D0C5100FDE9B3 /* Constants.swift */,
			);
			path = utils;
			sourceTree = "<group>";
		};
		4312319D269D058800FDE9B3 /* contracts */ = {
			isa = PBXGroup;
			children = (
				431231A8269D13A200FDE9B3 /* noteCellDelegate.swift */,
			);
			path = contracts;
			sourceTree = "<group>";
		};
		7CC4940352581A73BB931723 /* Pods */ = {
			isa = PBXGroup;
			children = (
				8381E540B033E08C4461F1A3 /* Pods-SharedNote.debug.xcconfig */,
				68A0AEA835412D771B368951 /* Pods-SharedNote.release.xcconfig */,
			);
			path = Pods;
			sourceTree = "<group>";
		};
/* End PBXGroup section */

/* Begin PBXNativeTarget section */
		43123181269D051700FDE9B3 /* SharedNote */ = {
			isa = PBXNativeTarget;
			buildConfigurationList = 43123196269D051800FDE9B3 /* Build configuration list for PBXNativeTarget "SharedNote" */;
			buildPhases = (
				DAB9394EC9C1083F9902E0C5 /* [CP] Check Pods Manifest.lock */,
				4312317E269D051700FDE9B3 /* Sources */,
				4312317F269D051700FDE9B3 /* Frameworks */,
				43123180269D051700FDE9B3 /* Resources */,
				C6DEA619D56B35041E46D9B7 /* [CP] Embed Pods Frameworks */,
			);
			buildRules = (
			);
			dependencies = (
			);
			name = SharedNote;
			productName = SharedNote;
			productReference = 43123182269D051700FDE9B3 /* SharedNote.app */;
			productType = "com.apple.product-type.application";
		};
/* End PBXNativeTarget section */

/* Begin PBXProject section */
		4312317A269D051700FDE9B3 /* Project object */ = {
			isa = PBXProject;
			attributes = {
				LastSwiftUpdateCheck = 1140;
				LastUpgradeCheck = 1140;
				ORGANIZATIONNAME = marwa;
				TargetAttributes = {
					43123181269D051700FDE9B3 = {
						CreatedOnToolsVersion = 11.4.1;
					};
				};
			};
			buildConfigurationList = 4312317D269D051700FDE9B3 /* Build configuration list for PBXProject "SharedNote" */;
			compatibilityVersion = "Xcode 9.3";
			developmentRegion = en;
			hasScannedForEncodings = 0;
			knownRegions = (
				en,
				Base,
			);
			mainGroup = 43123179269D051700FDE9B3;
			productRefGroup = 43123183269D051700FDE9B3 /* Products */;
			projectDirPath = "";
			projectRoot = "";
			targets = (
				43123181269D051700FDE9B3 /* SharedNote */,
			);
		};
/* End PBXProject section */

/* Begin PBXResourcesBuildPhase section */
		43123180269D051700FDE9B3 /* Resources */ = {
			isa = PBXResourcesBuildPhase;
			buildActionMask = 2147483647;
			files = (
				43123192269D051800FDE9B3 /* LaunchScreen.storyboard in Resources */,
				4312318F269D051800FDE9B3 /* Assets.xcassets in Resources */,
				4312318D269D051700FDE9B3 /* Main.storyboard in Resources */,
			);
			runOnlyForDeploymentPostprocessing = 0;
		};
/* End PBXResourcesBuildPhase section */

/* Begin PBXShellScriptBuildPhase section */
		C6DEA619D56B35041E46D9B7 /* [CP] Embed Pods Frameworks */ = {
			isa = PBXShellScriptBuildPhase;
			buildActionMask = 2147483647;
			files = (
			);
			inputFileListPaths = (
				"${PODS_ROOT}/Target Support Files/Pods-SharedNote/Pods-SharedNote-frameworks-${CONFIGURATION}-input-files.xcfilelist",
			);
			name = "[CP] Embed Pods Frameworks";
			outputFileListPaths = (
				"${PODS_ROOT}/Target Support Files/Pods-SharedNote/Pods-SharedNote-frameworks-${CONFIGURATION}-output-files.xcfilelist",
			);
			runOnlyForDeploymentPostprocessing = 0;
			shellPath = /bin/sh;
			shellScript = "\"${PODS_ROOT}/Target Support Files/Pods-SharedNote/Pods-SharedNote-frameworks.sh\"\n";
			showEnvVarsInLog = 0;
		};
		DAB9394EC9C1083F9902E0C5 /* [CP] Check Pods Manifest.lock */ = {
			isa = PBXShellScriptBuildPhase;
			buildActionMask = 2147483647;
			files = (
			);
			inputFileListPaths = (
			);
			inputPaths = (
				"${PODS_PODFILE_DIR_PATH}/Podfile.lock",
				"${PODS_ROOT}/Manifest.lock",
			);
			name = "[CP] Check Pods Manifest.lock";
			outputFileListPaths = (
			);
			outputPaths = (
				"$(DERIVED_FILE_DIR)/Pods-SharedNote-checkManifestLockResult.txt",
			);
			runOnlyForDeploymentPostprocessing = 0;
			shellPath = /bin/sh;
			shellScript = "diff \"${PODS_PODFILE_DIR_PATH}/Podfile.lock\" \"${PODS_ROOT}/Manifest.lock\" > /dev/null\nif [ $? != 0 ] ; then\n    # print error to STDERR\n    echo \"error: The sandbox is not in sync with the Podfile.lock. Run 'pod install' or update your CocoaPods installation.\" >&2\n    exit 1\nfi\n# This output is used by Xcode 'outputs' to avoid re-running this script phase.\necho \"SUCCESS\" > \"${SCRIPT_OUTPUT_FILE_0}\"\n";
			showEnvVarsInLog = 0;
		};
/* End PBXShellScriptBuildPhase section */

/* Begin PBXSourcesBuildPhase section */
		4312317E269D051700FDE9B3 /* Sources */ = {
			isa = PBXSourcesBuildPhase;
			buildActionMask = 2147483647;
			files = (
				431231A3269D062C00FDE9B3 /* editNoteViewController.swift in Sources */,
				431231A1269D05F700FDE9B3 /* addNoteViewController.swift in Sources */,
				431231A9269D13A200FDE9B3 /* noteCellDelegate.swift in Sources */,
				43123186269D051700FDE9B3 /* AppDelegate.swift in Sources */,
				431231A5269D08AF00FDE9B3 /* noteTableViewCell.swift in Sources */,
				431231A7269D0C5100FDE9B3 /* Constants.swift in Sources */,
				4312319F269D05DC00FDE9B3 /* allNotesViewController.swift in Sources */,
				43123188269D051700FDE9B3 /* SceneDelegate.swift in Sources */,
			);
			runOnlyForDeploymentPostprocessing = 0;
		};
/* End PBXSourcesBuildPhase section */

/* Begin PBXVariantGroup section */
		4312318B269D051700FDE9B3 /* Main.storyboard */ = {
			isa = PBXVariantGroup;
			children = (
				4312318C269D051700FDE9B3 /* Base */,
			);
			name = Main.storyboard;
			sourceTree = "<group>";
		};
		43123190269D051800FDE9B3 /* LaunchScreen.storyboard */ = {
			isa = PBXVariantGroup;
			children = (
				43123191269D051800FDE9B3 /* Base */,
			);
			name = LaunchScreen.storyboard;
			sourceTree = "<group>";
		};
/* End PBXVariantGroup section */

/* Begin XCBuildConfiguration section */
		43123194269D051800FDE9B3 /* Debug */ = {
			isa = XCBuildConfiguration;
			buildSettings = {
				ALWAYS_SEARCH_USER_PATHS = NO;
				CLANG_ANALYZER_NONNULL = YES;
				CLANG_ANALYZER_NUMBER_OBJECT_CONVERSION = YES_AGGRESSIVE;
				CLANG_CXX_LANGUAGE_STANDARD = "gnu++14";
				CLANG_CXX_LIBRARY = "libc++";
				CLANG_ENABLE_MODULES = YES;
				CLANG_ENABLE_OBJC_ARC = YES;
				CLANG_ENABLE_OBJC_WEAK = YES;
				CLANG_WARN_BLOCK_CAPTURE_AUTORELEASING = YES;
				CLANG_WARN_BOOL_CONVERSION = YES;
				CLANG_WARN_COMMA = YES;
				CLANG_WARN_CONSTANT_CONVERSION = YES;
				CLANG_WARN_DEPRECATED_OBJC_IMPLEMENTATIONS = YES;
				CLANG_WARN_DIRECT_OBJC_ISA_USAGE = YES_ERROR;
				CLANG_WARN_DOCUMENTATION_COMMENTS = YES;
				CLANG_WARN_EMPTY_BODY = YES;
				CLANG_WARN_ENUM_CONVERSION = YES;
				CLANG_WARN_INFINITE_RECURSION = YES;
				CLANG_WARN_INT_CONVERSION = YES;
				CLANG_WARN_NON_LITERAL_NULL_CONVERSION = YES;
				CLANG_WARN_OBJC_IMPLICIT_RETAIN_SELF = YES;
				CLANG_WARN_OBJC_LITERAL_CONVERSION = YES;
				CLANG_WARN_OBJC_ROOT_CLASS = YES_ERROR;
				CLANG_WARN_RANGE_LOOP_ANALYSIS = YES;
				CLANG_WARN_STRICT_PROTOTYPES = YES;
				CLANG_WARN_SUSPICIOUS_MOVE = YES;
				CLANG_WARN_UNGUARDED_AVAILABILITY = YES_AGGRESSIVE;
				CLANG_WARN_UNREACHABLE_CODE = YES;
				CLANG_WARN__DUPLICATE_METHOD_MATCH = YES;
				COPY_PHASE_STRIP = NO;
				DEBUG_INFORMATION_FORMAT = dwarf;
				ENABLE_STRICT_OBJC_MSGSEND = YES;
				ENABLE_TESTABILITY = YES;
				GCC_C_LANGUAGE_STANDARD = gnu11;
				GCC_DYNAMIC_NO_PIC = NO;
				GCC_NO_COMMON_BLOCKS = YES;
				GCC_OPTIMIZATION_LEVEL = 0;
				GCC_PREPROCESSOR_DEFINITIONS = (
					"DEBUG=1",
					"$(inherited)",
				);
				GCC_WARN_64_TO_32_BIT_CONVERSION = YES;
				GCC_WARN_ABOUT_RETURN_TYPE = YES_ERROR;
				GCC_WARN_UNDECLARED_SELECTOR = YES;
				GCC_WARN_UNINITIALIZED_AUTOS = YES_AGGRESSIVE;
				GCC_WARN_UNUSED_FUNCTION = YES;
				GCC_WARN_UNUSED_VARIABLE = YES;
				IPHONEOS_DEPLOYMENT_TARGET = 13.4;
				MTL_ENABLE_DEBUG_INFO = INCLUDE_SOURCE;
				MTL_FAST_MATH = YES;
				ONLY_ACTIVE_ARCH = YES;
				SDKROOT = iphoneos;
				SWIFT_ACTIVE_COMPILATION_CONDITIONS = DEBUG;
				SWIFT_OPTIMIZATION_LEVEL = "-Onone";
			};
			name = Debug;
		};
		43123195269D051800FDE9B3 /* Release */ = {
			isa = XCBuildConfiguration;
			buildSettings = {
				ALWAYS_SEARCH_USER_PATHS = NO;
				CLANG_ANALYZER_NONNULL = YES;
				CLANG_ANALYZER_NUMBER_OBJECT_CONVERSION = YES_AGGRESSIVE;
				CLANG_CXX_LANGUAGE_STANDARD = "gnu++14";
				CLANG_CXX_LIBRARY = "libc++";
				CLANG_ENABLE_MODULES = YES;
				CLANG_ENABLE_OBJC_ARC = YES;
				CLANG_ENABLE_OBJC_WEAK = YES;
				CLANG_WARN_BLOCK_CAPTURE_AUTORELEASING = YES;
				CLANG_WARN_BOOL_CONVERSION = YES;
				CLANG_WARN_COMMA = YES;
				CLANG_WARN_CONSTANT_CONVERSION = YES;
				CLANG_WARN_DEPRECATED_OBJC_IMPLEMENTATIONS = YES;
				CLANG_WARN_DIRECT_OBJC_ISA_USAGE = YES_ERROR;
				CLANG_WARN_DOCUMENTATION_COMMENTS = YES;
				CLANG_WARN_EMPTY_BODY = YES;
				CLANG_WARN_ENUM_CONVERSION = YES;
				CLANG_WARN_INFINITE_RECURSION = YES;
				CLANG_WARN_INT_CONVERSION = YES;
				CLANG_WARN_NON_LITERAL_NULL_CONVERSION = YES;
				CLANG_WARN_OBJC_IMPLICIT_RETAIN_SELF = YES;
				CLANG_WARN_OBJC_LITERAL_CONVERSION = YES;
				CLANG_WARN_OBJC_ROOT_CLASS = YES_ERROR;
				CLANG_WARN_RANGE_LOOP_ANALYSIS = YES;
				CLANG_WARN_STRICT_PROTOTYPES = YES;
				CLANG_WARN_SUSPICIOUS_MOVE = YES;
				CLANG_WARN_UNGUARDED_AVAILABILITY = YES_AGGRESSIVE;
				CLANG_WARN_UNREACHABLE_CODE = YES;
				CLANG_WARN__DUPLICATE_METHOD_MATCH = YES;
				COPY_PHASE_STRIP = NO;
				DEBUG_INFORMATION_FORMAT = "dwarf-with-dsym";
				ENABLE_NS_ASSERTIONS = NO;
				ENABLE_STRICT_OBJC_MSGSEND = YES;
				GCC_C_LANGUAGE_STANDARD = gnu11;
				GCC_NO_COMMON_BLOCKS = YES;
				GCC_WARN_64_TO_32_BIT_CONVERSION = YES;
				GCC_WARN_ABOUT_RETURN_TYPE = YES_ERROR;
				GCC_WARN_UNDECLARED_SELECTOR = YES;
				GCC_WARN_UNINITIALIZED_AUTOS = YES_AGGRESSIVE;
				GCC_WARN_UNUSED_FUNCTION = YES;
				GCC_WARN_UNUSED_VARIABLE = YES;
				IPHONEOS_DEPLOYMENT_TARGET = 13.4;
				MTL_ENABLE_DEBUG_INFO = NO;
				MTL_FAST_MATH = YES;
				SDKROOT = iphoneos;
				SWIFT_COMPILATION_MODE = wholemodule;
				SWIFT_OPTIMIZATION_LEVEL = "-O";
				VALIDATE_PRODUCT = YES;
			};
			name = Release;
		};
		43123197269D051800FDE9B3 /* Debug */ = {
			isa = XCBuildConfiguration;
			baseConfigurationReference = 8381E540B033E08C4461F1A3 /* Pods-SharedNote.debug.xcconfig */;
			buildSettings = {
				ASSETCATALOG_COMPILER_APPICON_NAME = AppIcon;
				CODE_SIGN_STYLE = Automatic;
				INFOPLIST_FILE = SharedNote/Info.plist;
				LD_RUNPATH_SEARCH_PATHS = (
					"$(inherited)",
					"@executable_path/Frameworks",
				);
				PRODUCT_BUNDLE_IDENTIFIER = marwa.SharedNote;
				PRODUCT_NAME = "$(TARGET_NAME)";
				SWIFT_VERSION = 5.0;
				TARGETED_DEVICE_FAMILY = "1,2";
			};
			name = Debug;
		};
		43123198269D051800FDE9B3 /* Release */ = {
			isa = XCBuildConfiguration;
			baseConfigurationReference = 68A0AEA835412D771B368951 /* Pods-SharedNote.release.xcconfig */;
			buildSettings = {
				ASSETCATALOG_COMPILER_APPICON_NAME = AppIcon;
				CODE_SIGN_STYLE = Automatic;
				INFOPLIST_FILE = SharedNote/Info.plist;
				LD_RUNPATH_SEARCH_PATHS = (
					"$(inherited)",
					"@executable_path/Frameworks",
				);
				PRODUCT_BUNDLE_IDENTIFIER = marwa.SharedNote;
				PRODUCT_NAME = "$(TARGET_NAME)";
				SWIFT_VERSION = 5.0;
				TARGETED_DEVICE_FAMILY = "1,2";
			};
			name = Release;
		};
/* End XCBuildConfiguration section */

/* Begin XCConfigurationList section */
		4312317D269D051700FDE9B3 /* Build configuration list for PBXProject "SharedNote" */ = {
			isa = XCConfigurationList;
			buildConfigurations = (
				43123194269D051800FDE9B3 /* Debug */,
				43123195269D051800FDE9B3 /* Release */,
			);
			defaultConfigurationIsVisible = 0;
			defaultConfigurationName = Release;
		};
		43123196269D051800FDE9B3 /* Build configuration list for PBXNativeTarget "SharedNote" */ = {
			isa = XCConfigurationList;
			buildConfigurations = (
				43123197269D051800FDE9B3 /* Debug */,
				43123198269D051800FDE9B3 /* Release */,
			);
			defaultConfigurationIsVisible = 0;
			defaultConfigurationName = Release;
		};
/* End XCConfigurationList section */
	};
	rootObject = 4312317A269D051700FDE9B3 /* Project object */;
}
